
Microsoft Visual Studio Solution File, Format Version 12.00
# Visual Studio Version 16
VisualStudioVersion = 16.0.31112.23
MinimumVisualStudioVersion = 10.0.40219.1
Project("{FAE04EC0-301F-11D3-BF4B-00C04F79EFBC}") = "Readfilestrings", "Readfilestrings\Readfilestrings.csproj", "{8B89E66F-7FE0-4686-A9C3-38969FEE4519}"
EndProject
Global
	GlobalSection(SolutionConfigurationPlatforms) = preSolution
		Debug|Any CPU = Debug|Any CPU
		Release|Any CPU = Release|Any CPU
	EndGlobalSection
	GlobalSection(ProjectConfigurationPlatforms) = postSolution
		{8B89E66F-7FE0-4686-A9C3-38969FEE4519}.Debug|Any CPU.ActiveCfg = Debug|Any CPU
		{8B89E66F-7FE0-4686-A9C3-38969FEE4519}.Debug|Any CPU.Build.0 = Debug|Any CPU
		{8B89E66F-7FE0-4686-A9C3-38969FEE4519}.Release|Any CPU.ActiveCfg = Release|Any CPU
		{8B89E66F-7FE0-4686-A9C3-38969FEE4519}.Release|Any CPU.Build.0 = Release|Any CPU
	EndGlobalSection
	GlobalSection(SolutionProperties) = preSolution
		HideSolutionNode = FALSE
	EndGlobalSection
	GlobalSection(ExtensibilityGlobals) = postSolution
		SolutionGuid = {A7F2F65A-066E-46E8-93C8-0DEBDDA9D9AC}
	EndGlobalSection
EndGlobal
