
Microsoft Visual Studio Solution File, Format Version 12.00
# Visual Studio Version 16
VisualStudioVersion = 16.0.31112.23
MinimumVisualStudioVersion = 10.0.40219.1
Project("{FAE04EC0-301F-11D3-BF4B-00C04F79EFBC}") = "OurImageEdditor", "OurImageEdditor\OurImageEdditor.csproj", "{CCBFF6C6-0983-4CA8-9907-5022B08E9808}"
EndProject
Project("{FAE04EC0-301F-11D3-BF4B-00C04F79EFBC}") = "PlaginFramework", "PlaginFramework\PlaginFramework.csproj", "{B43FAA9E-AA21-49A3-8E18-A9DF0C8DFEF7}"
EndProject
Project("{FAE04EC0-301F-11D3-BF4B-00C04F79EFBC}") = "FlipImage", "FlipImage\FlipImage.csproj", "{C20CD45A-C299-46B7-98DF-BC02CED939E8}"
EndProject
Project("{FAE04EC0-301F-11D3-BF4B-00C04F79EFBC}") = "Mycolors", "Mycolors\Mycolors.csproj", "{4BE754C8-BF77-42D2-B080-719D41E620D0}"
EndProject
Global
	GlobalSection(SolutionConfigurationPlatforms) = preSolution
		Debug|Any CPU = Debug|Any CPU
		Release|Any CPU = Release|Any CPU
	EndGlobalSection
	GlobalSection(ProjectConfigurationPlatforms) = postSolution
		{CCBFF6C6-0983-4CA8-9907-5022B08E9808}.Debug|Any CPU.ActiveCfg = Debug|Any CPU
		{CCBFF6C6-0983-4CA8-9907-5022B08E9808}.Debug|Any CPU.Build.0 = Debug|Any CPU
		{CCBFF6C6-0983-4CA8-9907-5022B08E9808}.Release|Any CPU.ActiveCfg = Release|Any CPU
		{CCBFF6C6-0983-4CA8-9907-5022B08E9808}.Release|Any CPU.Build.0 = Release|Any CPU
		{B43FAA9E-AA21-49A3-8E18-A9DF0C8DFEF7}.Debug|Any CPU.ActiveCfg = Debug|Any CPU
		{B43FAA9E-AA21-49A3-8E18-A9DF0C8DFEF7}.Debug|Any CPU.Build.0 = Debug|Any CPU
		{B43FAA9E-AA21-49A3-8E18-A9DF0C8DFEF7}.Release|Any CPU.ActiveCfg = Release|Any CPU
		{B43FAA9E-AA21-49A3-8E18-A9DF0C8DFEF7}.Release|Any CPU.Build.0 = Release|Any CPU
		{C20CD45A-C299-46B7-98DF-BC02CED939E8}.Debug|Any CPU.ActiveCfg = Debug|Any CPU
		{C20CD45A-C299-46B7-98DF-BC02CED939E8}.Debug|Any CPU.Build.0 = Debug|Any CPU
		{C20CD45A-C299-46B7-98DF-BC02CED939E8}.Release|Any CPU.ActiveCfg = Release|Any CPU
		{C20CD45A-C299-46B7-98DF-BC02CED939E8}.Release|Any CPU.Build.0 = Release|Any CPU
		{4BE754C8-BF77-42D2-B080-719D41E620D0}.Debug|Any CPU.ActiveCfg = Debug|Any CPU
		{4BE754C8-BF77-42D2-B080-719D41E620D0}.Debug|Any CPU.Build.0 = Debug|Any CPU
		{4BE754C8-BF77-42D2-B080-719D41E620D0}.Release|Any CPU.ActiveCfg = Release|Any CPU
		{4BE754C8-BF77-42D2-B080-719D41E620D0}.Release|Any CPU.Build.0 = Release|Any CPU
	EndGlobalSection
	GlobalSection(SolutionProperties) = preSolution
		HideSolutionNode = FALSE
	EndGlobalSection
	GlobalSection(ExtensibilityGlobals) = postSolution
		SolutionGuid = {17738473-E383-46EB-95E8-375E257143AF}
	EndGlobalSection
EndGlobal
