
Microsoft Visual Studio Solution File, Format Version 12.00
# Visual Studio Version 16
VisualStudioVersion = 16.0.31112.23
MinimumVisualStudioVersion = 10.0.40219.1
Project("{FAE04EC0-301F-11D3-BF4B-00C04F79EFBC}") = "Server_client", "Server_client\Server_client.csproj", "{89ED8198-1727-43E3-924B-642CF648F601}"
EndProject
Project("{FAE04EC0-301F-11D3-BF4B-00C04F79EFBC}") = "Socet_my", "Socet_my\Socet_my.csproj", "{A59D0E3F-421F-494D-9B32-1D1045331B12}"
EndProject
Global
	GlobalSection(SolutionConfigurationPlatforms) = preSolution
		Debug|Any CPU = Debug|Any CPU
		Release|Any CPU = Release|Any CPU
	EndGlobalSection
	GlobalSection(ProjectConfigurationPlatforms) = postSolution
		{89ED8198-1727-43E3-924B-642CF648F601}.Debug|Any CPU.ActiveCfg = Debug|Any CPU
		{89ED8198-1727-43E3-924B-642CF648F601}.Debug|Any CPU.Build.0 = Debug|Any CPU
		{89ED8198-1727-43E3-924B-642CF648F601}.Release|Any CPU.ActiveCfg = Release|Any CPU
		{89ED8198-1727-43E3-924B-642CF648F601}.Release|Any CPU.Build.0 = Release|Any CPU
		{A59D0E3F-421F-494D-9B32-1D1045331B12}.Debug|Any CPU.ActiveCfg = Debug|Any CPU
		{A59D0E3F-421F-494D-9B32-1D1045331B12}.Debug|Any CPU.Build.0 = Debug|Any CPU
		{A59D0E3F-421F-494D-9B32-1D1045331B12}.Release|Any CPU.ActiveCfg = Release|Any CPU
		{A59D0E3F-421F-494D-9B32-1D1045331B12}.Release|Any CPU.Build.0 = Release|Any CPU
	EndGlobalSection
	GlobalSection(SolutionProperties) = preSolution
		HideSolutionNode = FALSE
	EndGlobalSection
	GlobalSection(ExtensibilityGlobals) = postSolution
		SolutionGuid = {242EA754-4389-448C-9B91-81E39CD58D81}
	EndGlobalSection
EndGlobal
