
Microsoft Visual Studio Solution File, Format Version 12.00
# Visual Studio Version 16
VisualStudioVersion = 16.0.31112.23
MinimumVisualStudioVersion = 10.0.40219.1
Project("{FAE04EC0-301F-11D3-BF4B-00C04F79EFBC}") = "Name_random_a", "Name_random_a\Name_random_a.csproj", "{F23ADD83-BAA4-4B02-8D6B-C911FB37AF3D}"
EndProject
Global
	GlobalSection(SolutionConfigurationPlatforms) = preSolution
		Debug|Any CPU = Debug|Any CPU
		Release|Any CPU = Release|Any CPU
	EndGlobalSection
	GlobalSection(ProjectConfigurationPlatforms) = postSolution
		{F23ADD83-BAA4-4B02-8D6B-C911FB37AF3D}.Debug|Any CPU.ActiveCfg = Debug|Any CPU
		{F23ADD83-BAA4-4B02-8D6B-C911FB37AF3D}.Debug|Any CPU.Build.0 = Debug|Any CPU
		{F23ADD83-BAA4-4B02-8D6B-C911FB37AF3D}.Release|Any CPU.ActiveCfg = Release|Any CPU
		{F23ADD83-BAA4-4B02-8D6B-C911FB37AF3D}.Release|Any CPU.Build.0 = Release|Any CPU
	EndGlobalSection
	GlobalSection(SolutionProperties) = preSolution
		HideSolutionNode = FALSE
	EndGlobalSection
	GlobalSection(ExtensibilityGlobals) = postSolution
		SolutionGuid = {185A3426-9FFB-44FA-912B-B37617C30A30}
	EndGlobalSection
EndGlobal
