
Microsoft Visual Studio Solution File, Format Version 12.00
# Visual Studio 15
VisualStudioVersion = 15.0.28307.1000
MinimumVisualStudioVersion = 10.0.40219.1
Project("{FAE04EC0-301F-11D3-BF4B-00C04F79EFBC}") = "Interfase", "Interfase\Interfase.csproj", "{80FBBBE3-A5BE-4DF8-9B73-02A7FD058027}"
EndProject
Global
	GlobalSection(SolutionConfigurationPlatforms) = preSolution
		Debug|Any CPU = Debug|Any CPU
		Release|Any CPU = Release|Any CPU
	EndGlobalSection
	GlobalSection(ProjectConfigurationPlatforms) = postSolution
		{80FBBBE3-A5BE-4DF8-9B73-02A7FD058027}.Debug|Any CPU.ActiveCfg = Debug|Any CPU
		{80FBBBE3-A5BE-4DF8-9B73-02A7FD058027}.Debug|Any CPU.Build.0 = Debug|Any CPU
		{80FBBBE3-A5BE-4DF8-9B73-02A7FD058027}.Release|Any CPU.ActiveCfg = Release|Any CPU
		{80FBBBE3-A5BE-4DF8-9B73-02A7FD058027}.Release|Any CPU.Build.0 = Release|Any CPU
	EndGlobalSection
	GlobalSection(SolutionProperties) = preSolution
		HideSolutionNode = FALSE
	EndGlobalSection
	GlobalSection(ExtensibilityGlobals) = postSolution
		SolutionGuid = {C5DD0D22-945F-44FA-89C3-541DB6E6F2A3}
	EndGlobalSection
EndGlobal
